
Microsoft Visual Studio Solution File, Format Version 12.00
# Visual Studio Version 17
VisualStudioVersion = 17.5.33502.453
MinimumVisualStudioVersion = 10.0.40219.1
Project("{9A19103F-16F7-4668-BE54-9A1E7A4F7556}") = "excel prog", "excel prog\excel prog.csproj", "{07369E40-B4EB-4494-B8CC-7B6C70D6CEA4}"
EndProject
Project("{FAE04EC0-301F-11D3-BF4B-00C04F79EFBC}") = "stocks", "stocks\stocks.csproj", "{8DA06A7D-15EA-48FD-9E19-146D4A341A92}"
EndProject
Project("{FAE04EC0-301F-11D3-BF4B-00C04F79EFBC}") = "weatherforecast", "weatherforecast\weatherforecast.csproj", "{04E63CB5-D55D-416F-9103-87757DEECCCF}"
EndProject
Global
	GlobalSection(SolutionConfigurationPlatforms) = preSolution
		Debug|Any CPU = Debug|Any CPU
		Release|Any CPU = Release|Any CPU
	EndGlobalSection
	GlobalSection(ProjectConfigurationPlatforms) = postSolution
		{07369E40-B4EB-4494-B8CC-7B6C70D6CEA4}.Debug|Any CPU.ActiveCfg = Debug|Any CPU
		{07369E40-B4EB-4494-B8CC-7B6C70D6CEA4}.Debug|Any CPU.Build.0 = Debug|Any CPU
		{07369E40-B4EB-4494-B8CC-7B6C70D6CEA4}.Release|Any CPU.ActiveCfg = Release|Any CPU
		{07369E40-B4EB-4494-B8CC-7B6C70D6CEA4}.Release|Any CPU.Build.0 = Release|Any CPU
		{8DA06A7D-15EA-48FD-9E19-146D4A341A92}.Debug|Any CPU.ActiveCfg = Debug|Any CPU
		{8DA06A7D-15EA-48FD-9E19-146D4A341A92}.Debug|Any CPU.Build.0 = Debug|Any CPU
		{8DA06A7D-15EA-48FD-9E19-146D4A341A92}.Release|Any CPU.ActiveCfg = Release|Any CPU
		{8DA06A7D-15EA-48FD-9E19-146D4A341A92}.Release|Any CPU.Build.0 = Release|Any CPU
		{04E63CB5-D55D-416F-9103-87757DEECCCF}.Debug|Any CPU.ActiveCfg = Debug|Any CPU
		{04E63CB5-D55D-416F-9103-87757DEECCCF}.Debug|Any CPU.Build.0 = Debug|Any CPU
		{04E63CB5-D55D-416F-9103-87757DEECCCF}.Release|Any CPU.ActiveCfg = Release|Any CPU
		{04E63CB5-D55D-416F-9103-87757DEECCCF}.Release|Any CPU.Build.0 = Release|Any CPU
	EndGlobalSection
	GlobalSection(SolutionProperties) = preSolution
		HideSolutionNode = FALSE
	EndGlobalSection
	GlobalSection(ExtensibilityGlobals) = postSolution
		SolutionGuid = {5D6FB9FC-FC98-4483-A0F5-7A00C2520CE0}
	EndGlobalSection
EndGlobal
